
Microsoft Visual Studio Solution File, Format Version 12.00
# Visual Studio Version 16
VisualStudioVersion = 16.0.33927.289
MinimumVisualStudioVersion = 10.0.40219.1
Project("{2150E333-8FDC-42A3-9474-1A3956D46DE8}") = "Task0", "Task0", "{715028A5-1F33-4A01-841E-D217A71839F6}"
EndProject
Project("{FAE04EC0-301F-11D3-BF4B-00C04F79EFBC}") = "Tyuiu.KarpenkoNA.Sprint6.Task0.V13.Lib", "Tyuiu.KarpenkoNA.Sprint6.Task0.V13.Lib\Tyuiu.KarpenkoNA.Sprint6.Task0.V13.Lib.csproj", "{67702C0A-C2D7-461C-B820-BDA3C1BB62F4}"
EndProject
Project("{FAE04EC0-301F-11D3-BF4B-00C04F79EFBC}") = "Tyuiu.KarpenkoNA.Sprint6.Task0.V13.Test", "Tyuiu.KarpenkoNA.Sprint6.Task0.V13.Test\Tyuiu.KarpenkoNA.Sprint6.Task0.V13.Test.csproj", "{D45E38C4-F814-49BE-9E6F-60D8C9F1E3D3}"
EndProject
Project("{FAE04EC0-301F-11D3-BF4B-00C04F79EFBC}") = "Tyuiu.KarpenkoNA.Sprint6.Task0.V13", "Tyuiu.KarpenkoNA.Sprint6.Task0.V13\Tyuiu.KarpenkoNA.Sprint6.Task0.V13.csproj", "{820FEA4C-234B-4CBB-886C-54D8DBD22A81}"
EndProject
Project("{2150E333-8FDC-42A3-9474-1A3956D46DE8}") = "Task1", "Task1", "{5452A4C9-391D-4050-8B92-4742FD391FDF}"
EndProject
Project("{FAE04EC0-301F-11D3-BF4B-00C04F79EFBC}") = "Tyuiu.KarpenkoNA.Sprint6.Task1.V7.Lib", "Tyuiu.KarpenkoNA.Sprint6.Task1.V7.Lib\Tyuiu.KarpenkoNA.Sprint6.Task1.V7.Lib.csproj", "{5C2B93AC-BA2F-4B15-AE62-1A2E265DA9FA}"
EndProject
Project("{FAE04EC0-301F-11D3-BF4B-00C04F79EFBC}") = "Tyuiu.KarpenkoNA.Sprint6.Task1.V7.Test", "Tyuiu.KarpenkoNA.Sprint6.Task1.V7.Test\Tyuiu.KarpenkoNA.Sprint6.Task1.V7.Test.csproj", "{AAAF988A-34AF-4C78-8F61-B093FE1CC4D6}"
EndProject
Project("{FAE04EC0-301F-11D3-BF4B-00C04F79EFBC}") = "Tyuiu.KarpenkoNA.Sprint6.Task1.V7", "Tyuiu.KarpenkoNA.Sprint6.Task1.V7\Tyuiu.KarpenkoNA.Sprint6.Task1.V7.csproj", "{3115E8B2-5765-4D8A-B894-3DEA6BBED63A}"
EndProject
Project("{2150E333-8FDC-42A3-9474-1A3956D46DE8}") = "Task2", "Task2", "{C5FD9EC5-8A3C-4861-BB4C-BEDA6939B048}"
EndProject
Project("{FAE04EC0-301F-11D3-BF4B-00C04F79EFBC}") = "Tyuiu.KarpenkoNA.Sprint6.Task2.V26.Lib", "Tyuiu.KarpenkoNA.Sprint6.Task2.V26.Lib\Tyuiu.KarpenkoNA.Sprint6.Task2.V26.Lib.csproj", "{6AA17FD4-E8A5-48D5-8166-1A0F0884A5E8}"
EndProject
Project("{FAE04EC0-301F-11D3-BF4B-00C04F79EFBC}") = "Tyuiu.KarpenkoNA.Sprint6.Task2.V26.Test", "Tyuiu.KarpenkoNA.Sprint6.Task2.V26.Test\Tyuiu.KarpenkoNA.Sprint6.Task2.V26.Test.csproj", "{4F3D5F8E-4FCF-419F-A9D1-588E37E3EDAD}"
EndProject
Project("{FAE04EC0-301F-11D3-BF4B-00C04F79EFBC}") = "Tyuiu.KarpenkoNA.Sprint6.Task2.V26", "Tyuiu.KarpenkoNA.Sprint6.Task2.V26\Tyuiu.KarpenkoNA.Sprint6.Task2.V26.csproj", "{56B395D7-9784-43A8-8392-77C420FF71E7}"
EndProject
Global
	GlobalSection(SolutionConfigurationPlatforms) = preSolution
		Debug|Any CPU = Debug|Any CPU
		Release|Any CPU = Release|Any CPU
	EndGlobalSection
	GlobalSection(ProjectConfigurationPlatforms) = postSolution
		{67702C0A-C2D7-461C-B820-BDA3C1BB62F4}.Debug|Any CPU.ActiveCfg = Debug|Any CPU
		{67702C0A-C2D7-461C-B820-BDA3C1BB62F4}.Debug|Any CPU.Build.0 = Debug|Any CPU
		{67702C0A-C2D7-461C-B820-BDA3C1BB62F4}.Release|Any CPU.ActiveCfg = Release|Any CPU
		{67702C0A-C2D7-461C-B820-BDA3C1BB62F4}.Release|Any CPU.Build.0 = Release|Any CPU
		{D45E38C4-F814-49BE-9E6F-60D8C9F1E3D3}.Debug|Any CPU.ActiveCfg = Debug|Any CPU
		{D45E38C4-F814-49BE-9E6F-60D8C9F1E3D3}.Debug|Any CPU.Build.0 = Debug|Any CPU
		{D45E38C4-F814-49BE-9E6F-60D8C9F1E3D3}.Release|Any CPU.ActiveCfg = Release|Any CPU
		{D45E38C4-F814-49BE-9E6F-60D8C9F1E3D3}.Release|Any CPU.Build.0 = Release|Any CPU
		{820FEA4C-234B-4CBB-886C-54D8DBD22A81}.Debug|Any CPU.ActiveCfg = Debug|Any CPU
		{820FEA4C-234B-4CBB-886C-54D8DBD22A81}.Debug|Any CPU.Build.0 = Debug|Any CPU
		{820FEA4C-234B-4CBB-886C-54D8DBD22A81}.Release|Any CPU.ActiveCfg = Release|Any CPU
		{820FEA4C-234B-4CBB-886C-54D8DBD22A81}.Release|Any CPU.Build.0 = Release|Any CPU
		{5C2B93AC-BA2F-4B15-AE62-1A2E265DA9FA}.Debug|Any CPU.ActiveCfg = Debug|Any CPU
		{5C2B93AC-BA2F-4B15-AE62-1A2E265DA9FA}.Debug|Any CPU.Build.0 = Debug|Any CPU
		{5C2B93AC-BA2F-4B15-AE62-1A2E265DA9FA}.Release|Any CPU.ActiveCfg = Release|Any CPU
		{5C2B93AC-BA2F-4B15-AE62-1A2E265DA9FA}.Release|Any CPU.Build.0 = Release|Any CPU
		{AAAF988A-34AF-4C78-8F61-B093FE1CC4D6}.Debug|Any CPU.ActiveCfg = Debug|Any CPU
		{AAAF988A-34AF-4C78-8F61-B093FE1CC4D6}.Debug|Any CPU.Build.0 = Debug|Any CPU
		{AAAF988A-34AF-4C78-8F61-B093FE1CC4D6}.Release|Any CPU.ActiveCfg = Release|Any CPU
		{AAAF988A-34AF-4C78-8F61-B093FE1CC4D6}.Release|Any CPU.Build.0 = Release|Any CPU
		{3115E8B2-5765-4D8A-B894-3DEA6BBED63A}.Debug|Any CPU.ActiveCfg = Debug|Any CPU
		{3115E8B2-5765-4D8A-B894-3DEA6BBED63A}.Debug|Any CPU.Build.0 = Debug|Any CPU
		{3115E8B2-5765-4D8A-B894-3DEA6BBED63A}.Release|Any CPU.ActiveCfg = Release|Any CPU
		{3115E8B2-5765-4D8A-B894-3DEA6BBED63A}.Release|Any CPU.Build.0 = Release|Any CPU
		{6AA17FD4-E8A5-48D5-8166-1A0F0884A5E8}.Debug|Any CPU.ActiveCfg = Debug|Any CPU
		{6AA17FD4-E8A5-48D5-8166-1A0F0884A5E8}.Debug|Any CPU.Build.0 = Debug|Any CPU
		{6AA17FD4-E8A5-48D5-8166-1A0F0884A5E8}.Release|Any CPU.ActiveCfg = Release|Any CPU
		{6AA17FD4-E8A5-48D5-8166-1A0F0884A5E8}.Release|Any CPU.Build.0 = Release|Any CPU
		{4F3D5F8E-4FCF-419F-A9D1-588E37E3EDAD}.Debug|Any CPU.ActiveCfg = Debug|Any CPU
		{4F3D5F8E-4FCF-419F-A9D1-588E37E3EDAD}.Debug|Any CPU.Build.0 = Debug|Any CPU
		{4F3D5F8E-4FCF-419F-A9D1-588E37E3EDAD}.Release|Any CPU.ActiveCfg = Release|Any CPU
		{4F3D5F8E-4FCF-419F-A9D1-588E37E3EDAD}.Release|Any CPU.Build.0 = Release|Any CPU
		{56B395D7-9784-43A8-8392-77C420FF71E7}.Debug|Any CPU.ActiveCfg = Debug|Any CPU
		{56B395D7-9784-43A8-8392-77C420FF71E7}.Debug|Any CPU.Build.0 = Debug|Any CPU
		{56B395D7-9784-43A8-8392-77C420FF71E7}.Release|Any CPU.ActiveCfg = Release|Any CPU
		{56B395D7-9784-43A8-8392-77C420FF71E7}.Release|Any CPU.Build.0 = Release|Any CPU
	EndGlobalSection
	GlobalSection(SolutionProperties) = preSolution
		HideSolutionNode = FALSE
	EndGlobalSection
	GlobalSection(NestedProjects) = preSolution
		{67702C0A-C2D7-461C-B820-BDA3C1BB62F4} = {715028A5-1F33-4A01-841E-D217A71839F6}
		{D45E38C4-F814-49BE-9E6F-60D8C9F1E3D3} = {715028A5-1F33-4A01-841E-D217A71839F6}
		{820FEA4C-234B-4CBB-886C-54D8DBD22A81} = {715028A5-1F33-4A01-841E-D217A71839F6}
		{5C2B93AC-BA2F-4B15-AE62-1A2E265DA9FA} = {5452A4C9-391D-4050-8B92-4742FD391FDF}
		{AAAF988A-34AF-4C78-8F61-B093FE1CC4D6} = {5452A4C9-391D-4050-8B92-4742FD391FDF}
		{3115E8B2-5765-4D8A-B894-3DEA6BBED63A} = {5452A4C9-391D-4050-8B92-4742FD391FDF}
		{6AA17FD4-E8A5-48D5-8166-1A0F0884A5E8} = {C5FD9EC5-8A3C-4861-BB4C-BEDA6939B048}
		{4F3D5F8E-4FCF-419F-A9D1-588E37E3EDAD} = {C5FD9EC5-8A3C-4861-BB4C-BEDA6939B048}
		{56B395D7-9784-43A8-8392-77C420FF71E7} = {C5FD9EC5-8A3C-4861-BB4C-BEDA6939B048}
	EndGlobalSection
	GlobalSection(ExtensibilityGlobals) = postSolution
		SolutionGuid = {3B3BA6BB-CE18-405D-A795-BFE5EB279A54}
	EndGlobalSection
EndGlobal
